
Microsoft Visual Studio Solution File, Format Version 12.00
# Visual Studio Version 16
VisualStudioVersion = 16.0.32901.82
MinimumVisualStudioVersion = 10.0.40219.1
Project("{FAE04EC0-301F-11D3-BF4B-00C04F79EFBC}") = "Assignment_Web_Api_Project", "Assignment_Web_Api_Project\Assignment_Web_Api_Project.csproj", "{15064516-2C6C-4410-8879-B32542919E2C}"
EndProject
Global
	GlobalSection(SolutionConfigurationPlatforms) = preSolution
		Debug|Any CPU = Debug|Any CPU
		Release|Any CPU = Release|Any CPU
	EndGlobalSection
	GlobalSection(ProjectConfigurationPlatforms) = postSolution
		{15064516-2C6C-4410-8879-B32542919E2C}.Debug|Any CPU.ActiveCfg = Debug|Any CPU
		{15064516-2C6C-4410-8879-B32542919E2C}.Debug|Any CPU.Build.0 = Debug|Any CPU
		{15064516-2C6C-4410-8879-B32542919E2C}.Release|Any CPU.ActiveCfg = Release|Any CPU
		{15064516-2C6C-4410-8879-B32542919E2C}.Release|Any CPU.Build.0 = Release|Any CPU
	EndGlobalSection
	GlobalSection(SolutionProperties) = preSolution
		HideSolutionNode = FALSE
	EndGlobalSection
	GlobalSection(ExtensibilityGlobals) = postSolution
		SolutionGuid = {36143DF8-C0FA-4228-88D2-F90863CCD602}
	EndGlobalSection
EndGlobal
