
Microsoft Visual Studio Solution File, Format Version 12.00
# Visual Studio Version 16
VisualStudioVersion = 16.0.32901.82
MinimumVisualStudioVersion = 10.0.40219.1
Project("{FAE04EC0-301F-11D3-BF4B-00C04F79EFBC}") = "web_api_project", "web_api_project\web_api_project.csproj", "{2A7909B5-BD4F-407C-BD27-FD3DAC8C0926}"
EndProject
Global
	GlobalSection(SolutionConfigurationPlatforms) = preSolution
		Debug|Any CPU = Debug|Any CPU
		Release|Any CPU = Release|Any CPU
	EndGlobalSection
	GlobalSection(ProjectConfigurationPlatforms) = postSolution
		{2A7909B5-BD4F-407C-BD27-FD3DAC8C0926}.Debug|Any CPU.ActiveCfg = Debug|Any CPU
		{2A7909B5-BD4F-407C-BD27-FD3DAC8C0926}.Debug|Any CPU.Build.0 = Debug|Any CPU
		{2A7909B5-BD4F-407C-BD27-FD3DAC8C0926}.Release|Any CPU.ActiveCfg = Release|Any CPU
		{2A7909B5-BD4F-407C-BD27-FD3DAC8C0926}.Release|Any CPU.Build.0 = Release|Any CPU
	EndGlobalSection
	GlobalSection(SolutionProperties) = preSolution
		HideSolutionNode = FALSE
	EndGlobalSection
	GlobalSection(ExtensibilityGlobals) = postSolution
		SolutionGuid = {5F21E9E0-5395-4491-B579-8F20CF137F99}
	EndGlobalSection
EndGlobal
