
Microsoft Visual Studio Solution File, Format Version 12.00
# Visual Studio Version 16
VisualStudioVersion = 16.0.32901.82
MinimumVisualStudioVersion = 10.0.40219.1
Project("{FAE04EC0-301F-11D3-BF4B-00C04F79EFBC}") = "Majorproject_web_api", "Majorproject_web_api\Majorproject_web_api.csproj", "{76FED26E-1625-47AB-8D94-C33894AA93DD}"
EndProject
Global
	GlobalSection(SolutionConfigurationPlatforms) = preSolution
		Debug|Any CPU = Debug|Any CPU
		Release|Any CPU = Release|Any CPU
	EndGlobalSection
	GlobalSection(ProjectConfigurationPlatforms) = postSolution
		{76FED26E-1625-47AB-8D94-C33894AA93DD}.Debug|Any CPU.ActiveCfg = Debug|Any CPU
		{76FED26E-1625-47AB-8D94-C33894AA93DD}.Debug|Any CPU.Build.0 = Debug|Any CPU
		{76FED26E-1625-47AB-8D94-C33894AA93DD}.Release|Any CPU.ActiveCfg = Release|Any CPU
		{76FED26E-1625-47AB-8D94-C33894AA93DD}.Release|Any CPU.Build.0 = Release|Any CPU
	EndGlobalSection
	GlobalSection(SolutionProperties) = preSolution
		HideSolutionNode = FALSE
	EndGlobalSection
	GlobalSection(ExtensibilityGlobals) = postSolution
		SolutionGuid = {F2A7F4C0-20D4-445E-91BE-089DF9FDDA49}
	EndGlobalSection
EndGlobal
