
Microsoft Visual Studio Solution File, Format Version 12.00
# Visual Studio Version 16
VisualStudioVersion = 16.0.32901.82
MinimumVisualStudioVersion = 10.0.40219.1
Project("{FAE04EC0-301F-11D3-BF4B-00C04F79EFBC}") = "web_client_project", "web_client_project\web_client_project.csproj", "{206E1AB7-8020-4066-83C0-DFBFEC90C90D}"
EndProject
Global
	GlobalSection(SolutionConfigurationPlatforms) = preSolution
		Debug|Any CPU = Debug|Any CPU
		Release|Any CPU = Release|Any CPU
	EndGlobalSection
	GlobalSection(ProjectConfigurationPlatforms) = postSolution
		{206E1AB7-8020-4066-83C0-DFBFEC90C90D}.Debug|Any CPU.ActiveCfg = Debug|Any CPU
		{206E1AB7-8020-4066-83C0-DFBFEC90C90D}.Debug|Any CPU.Build.0 = Debug|Any CPU
		{206E1AB7-8020-4066-83C0-DFBFEC90C90D}.Release|Any CPU.ActiveCfg = Release|Any CPU
		{206E1AB7-8020-4066-83C0-DFBFEC90C90D}.Release|Any CPU.Build.0 = Release|Any CPU
	EndGlobalSection
	GlobalSection(SolutionProperties) = preSolution
		HideSolutionNode = FALSE
	EndGlobalSection
	GlobalSection(ExtensibilityGlobals) = postSolution
		SolutionGuid = {41624248-DCF7-40FC-9383-F72E5746C825}
	EndGlobalSection
EndGlobal
